
Microsoft Visual Studio Solution File, Format Version 12.00
# Visual Studio Version 17
VisualStudioVersion = 17.0.31912.275
MinimumVisualStudioVersion = 10.0.40219.1
Project("{FAE04EC0-301F-11D3-BF4B-00C04F79EFBC}") = "App1.Android", "App1\App1.Android\App1.Android.csproj", "{579469B6-1ADA-49E5-90FF-C3746EFA243A}"
EndProject
Project("{FAE04EC0-301F-11D3-BF4B-00C04F79EFBC}") = "App1", "App1\App1\App1.csproj", "{38E2B031-70B3-49F0-85A7-3A0AA2237510}"
EndProject
Global
	GlobalSection(SolutionConfigurationPlatforms) = preSolution
		Debug|Any CPU = Debug|Any CPU
		Release|Any CPU = Release|Any CPU
	EndGlobalSection
	GlobalSection(ProjectConfigurationPlatforms) = postSolution
		{579469B6-1ADA-49E5-90FF-C3746EFA243A}.Debug|Any CPU.ActiveCfg = Debug|Any CPU
		{579469B6-1ADA-49E5-90FF-C3746EFA243A}.Debug|Any CPU.Build.0 = Debug|Any CPU
		{579469B6-1ADA-49E5-90FF-C3746EFA243A}.Debug|Any CPU.Deploy.0 = Debug|Any CPU
		{579469B6-1ADA-49E5-90FF-C3746EFA243A}.Release|Any CPU.ActiveCfg = Release|Any CPU
		{579469B6-1ADA-49E5-90FF-C3746EFA243A}.Release|Any CPU.Build.0 = Release|Any CPU
		{579469B6-1ADA-49E5-90FF-C3746EFA243A}.Release|Any CPU.Deploy.0 = Release|Any CPU
		{38E2B031-70B3-49F0-85A7-3A0AA2237510}.Debug|Any CPU.ActiveCfg = Debug|Any CPU
		{38E2B031-70B3-49F0-85A7-3A0AA2237510}.Debug|Any CPU.Build.0 = Debug|Any CPU
		{38E2B031-70B3-49F0-85A7-3A0AA2237510}.Debug|Any CPU.Deploy.0 = Debug|Any CPU
		{38E2B031-70B3-49F0-85A7-3A0AA2237510}.Release|Any CPU.ActiveCfg = Release|Any CPU
		{38E2B031-70B3-49F0-85A7-3A0AA2237510}.Release|Any CPU.Build.0 = Release|Any CPU
		{38E2B031-70B3-49F0-85A7-3A0AA2237510}.Release|Any CPU.Deploy.0 = Release|Any CPU
	EndGlobalSection
	GlobalSection(SolutionProperties) = preSolution
		HideSolutionNode = FALSE
	EndGlobalSection
	GlobalSection(ExtensibilityGlobals) = postSolution
		SolutionGuid = {8D5DB1CF-737C-484D-AE65-28B8BA9952D3}
	EndGlobalSection
EndGlobal
